
Microsoft Visual Studio Solution File, Format Version 12.00
# Visual Studio 15
Project("{FAE04EC0-301F-11D3-BF4B-00C04F79EFBC}") = "first_dotnet_web_api", "first_dotnet_web_api\first_dotnet_web_api.csproj", "{E39B4B84-0B4E-437A-9B46-E680C96921FA}"
EndProject
Global
	GlobalSection(SolutionConfigurationPlatforms) = preSolution
		Debug|Any CPU = Debug|Any CPU
		Release|Any CPU = Release|Any CPU
	EndGlobalSection
	GlobalSection(ProjectConfigurationPlatforms) = postSolution
		{E39B4B84-0B4E-437A-9B46-E680C96921FA}.Debug|Any CPU.ActiveCfg = Debug|Any CPU
		{E39B4B84-0B4E-437A-9B46-E680C96921FA}.Debug|Any CPU.Build.0 = Debug|Any CPU
		{E39B4B84-0B4E-437A-9B46-E680C96921FA}.Release|Any CPU.ActiveCfg = Release|Any CPU
		{E39B4B84-0B4E-437A-9B46-E680C96921FA}.Release|Any CPU.Build.0 = Release|Any CPU
	EndGlobalSection
EndGlobal
